
Microsoft Visual Studio Solution File, Format Version 12.00
# Visual Studio Version 17
VisualStudioVersion = 17.5.33414.496
MinimumVisualStudioVersion = 10.0.40219.1
Project("{9A19103F-16F7-4668-BE54-9A1E7A4F7556}") = "DesafioPOO", "DesafioPOO.csproj", "{D19A8629-9590-4E71-A329-36A114C2EF07}"
EndProject
Global
	GlobalSection(SolutionConfigurationPlatforms) = preSolution
		Debug|Any CPU = Debug|Any CPU
		Release|Any CPU = Release|Any CPU
	EndGlobalSection
	GlobalSection(ProjectConfigurationPlatforms) = postSolution
		{D19A8629-9590-4E71-A329-36A114C2EF07}.Debug|Any CPU.ActiveCfg = Debug|Any CPU
		{D19A8629-9590-4E71-A329-36A114C2EF07}.Debug|Any CPU.Build.0 = Debug|Any CPU
		{D19A8629-9590-4E71-A329-36A114C2EF07}.Release|Any CPU.ActiveCfg = Release|Any CPU
		{D19A8629-9590-4E71-A329-36A114C2EF07}.Release|Any CPU.Build.0 = Release|Any CPU
	EndGlobalSection
	GlobalSection(SolutionProperties) = preSolution
		HideSolutionNode = FALSE
	EndGlobalSection
	GlobalSection(ExtensibilityGlobals) = postSolution
		SolutionGuid = {F92D1B87-B229-4657-85AA-FC5CB93C716E}
	EndGlobalSection
EndGlobal
